
Microsoft Visual Studio Solution File, Format Version 12.00
# Visual Studio Version 17
VisualStudioVersion = 17.0.31612.314
MinimumVisualStudioVersion = 10.0.40219.1
Project("{FAE04EC0-301F-11D3-BF4B-00C04F79EFBC}") = "FoodSaver", "FoodSaver.csproj", "{5B274C84-2EC6-4FB2-8185-5DE751F7A26C}"
EndProject
Global
	GlobalSection(SolutionConfigurationPlatforms) = preSolution
		Debug|Any CPU = Debug|Any CPU
		Release|Any CPU = Release|Any CPU
	EndGlobalSection
	GlobalSection(ProjectConfigurationPlatforms) = postSolution
		{5B274C84-2EC6-4FB2-8185-5DE751F7A26C}.Debug|Any CPU.ActiveCfg = Debug|Any CPU
		{5B274C84-2EC6-4FB2-8185-5DE751F7A26C}.Debug|Any CPU.Build.0 = Debug|Any CPU
		{5B274C84-2EC6-4FB2-8185-5DE751F7A26C}.Release|Any CPU.ActiveCfg = Release|Any CPU
		{5B274C84-2EC6-4FB2-8185-5DE751F7A26C}.Release|Any CPU.Build.0 = Release|Any CPU
	EndGlobalSection
	GlobalSection(SolutionProperties) = preSolution
		HideSolutionNode = FALSE
	EndGlobalSection
	GlobalSection(ExtensibilityGlobals) = postSolution
		SolutionGuid = {99C61558-9F34-4D1B-811C-B90A923FA5D6}
	EndGlobalSection
EndGlobal
